{
  "requires": true,
  "lockfileVersion": 1,
  "dependencies": {
    "@types/screeps": {
      "version": "2.5.5",
      "resolved": "https://registry.npmjs.org/@types/screeps/-/screeps-2.5.5.tgz",
      "integrity": "sha512-71t7VoZamMRF7Zfrnx2B2ZwioCv8jIY6g8UO4A/iJhmjEF+VoXcCGDVkybqyOvUbfDgWBgCMwOMzAajPUVc8lw==",
      "dev": true
    }
  }
}
